
Microsoft Visual Studio Solution File, Format Version 12.00
# Visual Studio 2012
Project("{FAE04EC0-301F-11D3-BF4B-00C04F79EFBC}") = "DuffysTavern", "DuffysTavern\DuffysTavern.csproj", "{292C7A81-9387-4AA9-BA0F-0D8F908341CF}"
EndProject
Project("{FAE04EC0-301F-11D3-BF4B-00C04F79EFBC}") = "DuffysTavern.Tests", "DuffysTavern.Tests\DuffysTavern.Tests.csproj", "{46077B49-429C-4B05-BC0F-CB3EBCA5D775}"
EndProject
Global
	GlobalSection(SolutionConfigurationPlatforms) = preSolution
		Debug|Any CPU = Debug|Any CPU
		Release|Any CPU = Release|Any CPU
	EndGlobalSection
	GlobalSection(ProjectConfigurationPlatforms) = postSolution
		{292C7A81-9387-4AA9-BA0F-0D8F908341CF}.Debug|Any CPU.ActiveCfg = Debug|Any CPU
		{292C7A81-9387-4AA9-BA0F-0D8F908341CF}.Debug|Any CPU.Build.0 = Debug|Any CPU
		{292C7A81-9387-4AA9-BA0F-0D8F908341CF}.Release|Any CPU.ActiveCfg = Release|Any CPU
		{292C7A81-9387-4AA9-BA0F-0D8F908341CF}.Release|Any CPU.Build.0 = Release|Any CPU
		{46077B49-429C-4B05-BC0F-CB3EBCA5D775}.Debug|Any CPU.ActiveCfg = Debug|Any CPU
		{46077B49-429C-4B05-BC0F-CB3EBCA5D775}.Debug|Any CPU.Build.0 = Debug|Any CPU
		{46077B49-429C-4B05-BC0F-CB3EBCA5D775}.Release|Any CPU.ActiveCfg = Release|Any CPU
		{46077B49-429C-4B05-BC0F-CB3EBCA5D775}.Release|Any CPU.Build.0 = Release|Any CPU
	EndGlobalSection
EndGlobal
